<Solution>
  <Project Path="ConsoleApp.ConditionsAndDecisions/ConsoleApp.ConditionsAndDecisions.csproj" Id="0bcf8e59-c23e-4068-8ff5-dea815d20362" />
  <Project Path="ConsoleApp.ForLoops/ConsoleApp.ForLoops.csproj" Id="1c38374e-a472-471c-b499-e3e35a0dc172" />
  <Project Path="ConsoleApp.Operators/ConsoleApp.Operators.csproj" Id="c868f095-92f1-463b-b54d-27f70cc11682" />
  <Project Path="ConsoleApp.SampleCalculator/ConsoleApp.SampleCalculator.csproj" Id="ade8baa8-7cc2-4cdd-b0d7-403b1d924e42" />
  <Project Path="ConsoleApp.UserInputDemo/ConsoleApp.UserInputDemo.csproj" />
  <Project Path="ConsoleApp.VariablesDemo/ConsoleApp.VariablesDemo.csproj" />
  <Project Path="ConsoleApp2.OutputDemo/ConsoleApp2.OutputDemo.csproj" />
</Solution>
