<Solution>
  <Project Path="ConsoleApp.ConditionsAndDecisions/ConsoleApp.ConditionsAndDecisions.csproj" Id="0bcf8e59-c23e-4068-8ff5-dea815d20362" />
  <Project Path="ConsoleApp.Operators/ConsoleApp.Operators.csproj" Id="c868f095-92f1-463b-b54d-27f70cc11682" />
  <Project Path="ConsoleApp.UserInputDemo/ConsoleApp.UserInputDemo.csproj" />
  <Project Path="ConsoleApp.VariablesDemo/ConsoleApp.VariablesDemo.csproj" />
  <Project Path="ConsoleApp2.OutputDemo/ConsoleApp2.OutputDemo.csproj" />
</Solution>
